
Microsoft Visual Studio Solution File, Format Version 12.00
# Visual Studio Version 17
VisualStudioVersion = 17.4.33110.190
MinimumVisualStudioVersion = 10.0.40219.1
Project("{FAE04EC0-301F-11D3-BF4B-00C04F79EFBC}") = "Labb 2", "Labb 2\Labb 2.csproj", "{D060276F-0370-400A-8914-9C1E5A9DD0A9}"
EndProject
Global
	GlobalSection(SolutionConfigurationPlatforms) = preSolution
		Debug|Any CPU = Debug|Any CPU
		Release|Any CPU = Release|Any CPU
	EndGlobalSection
	GlobalSection(ProjectConfigurationPlatforms) = postSolution
		{D060276F-0370-400A-8914-9C1E5A9DD0A9}.Debug|Any CPU.ActiveCfg = Debug|Any CPU
		{D060276F-0370-400A-8914-9C1E5A9DD0A9}.Debug|Any CPU.Build.0 = Debug|Any CPU
		{D060276F-0370-400A-8914-9C1E5A9DD0A9}.Release|Any CPU.ActiveCfg = Release|Any CPU
		{D060276F-0370-400A-8914-9C1E5A9DD0A9}.Release|Any CPU.Build.0 = Release|Any CPU
	EndGlobalSection
	GlobalSection(SolutionProperties) = preSolution
		HideSolutionNode = FALSE
	EndGlobalSection
	GlobalSection(ExtensibilityGlobals) = postSolution
		SolutionGuid = {B641F900-917C-4D42-9A79-04AB52F17F55}
	EndGlobalSection
EndGlobal
